// !$*UTF8*$!
{
	archiveVersion = 1;
	classes = {
	};
	objectVersion = 46;
	objects = {

/* Begin PBXBuildFile section */
		59C7225E079D898BE2BDBD7C /* libPods.a in Frameworks */ = {isa = PBXBuildFile; fileRef = 4E0760EB12FDCC02BF111EFC /* libPods.a */; };
		D126D5591C91424C000CD6D8 /* HYLMyCollectionViewController.m in Sources */ = {isa = PBXBuildFile; fileRef = D126D5581C91424C000CD6D8 /* HYLMyCollectionViewController.m */; };
		D126D55C1C914613000CD6D8 /* HYLEditProfileViewController.m in Sources */ = {isa = PBXBuildFile; fileRef = D126D55B1C914613000CD6D8 /* HYLEditProfileViewController.m */; };
		D126D55F1C915A02000CD6D8 /* HYLSettingViewController.m in Sources */ = {isa = PBXBuildFile; fileRef = D126D55E1C915A02000CD6D8 /* HYLSettingViewController.m */; };
		D126D5621C9160F1000CD6D8 /* HYLSignInViewController.m in Sources */ = {isa = PBXBuildFile; fileRef = D126D5611C9160F1000CD6D8 /* HYLSignInViewController.m */; };
		D13EDE1D1CA90CC200BE4887 /* HYLJSONModel.m in Sources */ = {isa = PBXBuildFile; fileRef = D13EDE1C1CA90CC200BE4887 /* HYLJSONModel.m */; };
		D13F95CD1CA2679300F8B069 /* HYLTouTiaoViewController.m in Sources */ = {isa = PBXBuildFile; fileRef = D13F95CC1CA2679300F8B069 /* HYLTouTiaoViewController.m */; };
		D13F95D01CA267A500F8B069 /* HYLTuiJieViewController.m in Sources */ = {isa = PBXBuildFile; fileRef = D13F95CF1CA267A500F8B069 /* HYLTuiJieViewController.m */; };
		D13F95D31CA267B500F8B069 /* HYLYuanChuangViewController.m in Sources */ = {isa = PBXBuildFile; fileRef = D13F95D21CA267B500F8B069 /* HYLYuanChuangViewController.m */; };
		D149E7871C8EDB37006D17A5 /* HYLMenuViewController.m in Sources */ = {isa = PBXBuildFile; fileRef = D149E7861C8EDB37006D17A5 /* HYLMenuViewController.m */; };
		D177B9781CAA55B4003EEB32 /* HYLZhiBoCell.m in Sources */ = {isa = PBXBuildFile; fileRef = D177B9771CAA55B4003EEB32 /* HYLZhiBoCell.m */; };
		D177B97B1CAA61C9003EEB32 /* HYLZhiBoListModel.m in Sources */ = {isa = PBXBuildFile; fileRef = D177B97A1CAA61C9003EEB32 /* HYLZhiBoListModel.m */; };
		D17C21521CABBF6B000517D8 /* HYLTouTiaoDetailViewController.m in Sources */ = {isa = PBXBuildFile; fileRef = D17C21501CABBF6B000517D8 /* HYLTouTiaoDetailViewController.m */; };
		D17C21531CABBF6B000517D8 /* HYLTouTiaoDetailViewController.xib in Resources */ = {isa = PBXBuildFile; fileRef = D17C21511CABBF6B000517D8 /* HYLTouTiaoDetailViewController.xib */; };
		D19C984D1C90020F00BDAEC8 /* HYLHaoYinYueBaseListViewController.m in Sources */ = {isa = PBXBuildFile; fileRef = D19C984C1C90020F00BDAEC8 /* HYLHaoYinYueBaseListViewController.m */; };
		D1BDA0C11C9816ED00D4F9A9 /* HYLGetTimestamp.m in Sources */ = {isa = PBXBuildFile; fileRef = D1BDA0C01C9816ED00D4F9A9 /* HYLGetTimestamp.m */; };
		D1BDA0C91C98192300D4F9A9 /* HYLGetSignature.m in Sources */ = {isa = PBXBuildFile; fileRef = D1BDA0C81C98192300D4F9A9 /* HYLGetSignature.m */; };
		D1BE0C4E1C8EAE3400C79A5D /* HYLTabBarViewController.m in Sources */ = {isa = PBXBuildFile; fileRef = D1BE0C4D1C8EAE3400C79A5D /* HYLTabBarViewController.m */; };
		D1BE0C511C8EB02100C79A5D /* HYLHaoYuLeListContainerViewController.m in Sources */ = {isa = PBXBuildFile; fileRef = D1BE0C501C8EB02100C79A5D /* HYLHaoYuLeListContainerViewController.m */; };
		D1BE0C541C8EB04500C79A5D /* HYLHaoJingCaiListViewController.m in Sources */ = {isa = PBXBuildFile; fileRef = D1BE0C531C8EB04500C79A5D /* HYLHaoJingCaiListViewController.m */; };
		D1BE0C571C8EB06700C79A5D /* HYLHaoYinYueListContainerViewController.m in Sources */ = {isa = PBXBuildFile; fileRef = D1BE0C561C8EB06700C79A5D /* HYLHaoYinYueListContainerViewController.m */; };
		D1BE0C5A1C8EB07F00C79A5D /* HYLZhiBoListViewController.m in Sources */ = {isa = PBXBuildFile; fileRef = D1BE0C591C8EB07F00C79A5D /* HYLZhiBoListViewController.m */; };
		D1BE0C5D1C8EBCB300C79A5D /* HYLTitlePagerView.m in Sources */ = {isa = PBXBuildFile; fileRef = D1BE0C5C1C8EBCB300C79A5D /* HYLTitlePagerView.m */; };
		D1BE0C601C8EBE3100C79A5D /* UIView+Additions.m in Sources */ = {isa = PBXBuildFile; fileRef = D1BE0C5F1C8EBE3100C79A5D /* UIView+Additions.m */; };
		D1BE0C631C8EBE8A00C79A5D /* ViewPagerController.m in Sources */ = {isa = PBXBuildFile; fileRef = D1BE0C621C8EBE8A00C79A5D /* ViewPagerController.m */; };
		D1BE0C661C8EBF5200C79A5D /* HYLHaoYuLeListBaseViewController.m in Sources */ = {isa = PBXBuildFile; fileRef = D1BE0C651C8EBF5200C79A5D /* HYLHaoYuLeListBaseViewController.m */; };
		D1BEA4C81CB505CC000150E2 /* MediaPlayer.framework in Frameworks */ = {isa = PBXBuildFile; fileRef = D1BEA4C71CB505CC000150E2 /* MediaPlayer.framework */; };
		D1C613471C96946600C32974 /* HYLForgetPasswordViewController.m in Sources */ = {isa = PBXBuildFile; fileRef = D1C613461C96946600C32974 /* HYLForgetPasswordViewController.m */; };
		D1C6134A1C96A80E00C32974 /* HYLRegisterViewController.m in Sources */ = {isa = PBXBuildFile; fileRef = D1C613491C96A80E00C32974 /* HYLRegisterViewController.m */; };
		D1DC6F381CAA1F730093D735 /* HYLShowViewController.m in Sources */ = {isa = PBXBuildFile; fileRef = D1DC6F371CAA1F730093D735 /* HYLShowViewController.m */; };
		D1DC6F3B1CAA1F820093D735 /* HYLMVViewController.m in Sources */ = {isa = PBXBuildFile; fileRef = D1DC6F3A1CAA1F820093D735 /* HYLMVViewController.m */; };
		D1DC6F3E1CAA1F910093D735 /* HYLBangDanViewController.m in Sources */ = {isa = PBXBuildFile; fileRef = D1DC6F3D1CAA1F910093D735 /* HYLBangDanViewController.m */; };
		D1DC6F411CAA23850093D735 /* HYLBangDanModel.m in Sources */ = {isa = PBXBuildFile; fileRef = D1DC6F401CAA23850093D735 /* HYLBangDanModel.m */; };
		D1F44C8B1C8D7EAD00B6AA0C /* main.m in Sources */ = {isa = PBXBuildFile; fileRef = D1F44C8A1C8D7EAD00B6AA0C /* main.m */; };
		D1F44C8E1C8D7EAD00B6AA0C /* AppDelegate.m in Sources */ = {isa = PBXBuildFile; fileRef = D1F44C8D1C8D7EAD00B6AA0C /* AppDelegate.m */; };
		D1F44C911C8D7EAD00B6AA0C /* ViewController.m in Sources */ = {isa = PBXBuildFile; fileRef = D1F44C901C8D7EAD00B6AA0C /* ViewController.m */; };
		D1F44C941C8D7EAE00B6AA0C /* Main.storyboard in Resources */ = {isa = PBXBuildFile; fileRef = D1F44C921C8D7EAD00B6AA0C /* Main.storyboard */; };
		D1F44C961C8D7EAE00B6AA0C /* Assets.xcassets in Resources */ = {isa = PBXBuildFile; fileRef = D1F44C951C8D7EAE00B6AA0C /* Assets.xcassets */; };
		D1F44C991C8D7EAE00B6AA0C /* LaunchScreen.storyboard in Resources */ = {isa = PBXBuildFile; fileRef = D1F44C971C8D7EAE00B6AA0C /* LaunchScreen.storyboard */; };
		D1F44CA11C8D80D100B6AA0C /* Images.xcassets in Resources */ = {isa = PBXBuildFile; fileRef = D1F44CA01C8D80D100B6AA0C /* Images.xcassets */; };
/* End PBXBuildFile section */

/* Begin PBXFileReference section */
		0787ECBD8093D4FCDA756C15 /* Pods.debug.xcconfig */ = {isa = PBXFileReference; includeInIndex = 1; lastKnownFileType = text.xcconfig; name = Pods.debug.xcconfig; path = "Pods/Target Support Files/Pods/Pods.debug.xcconfig"; sourceTree = "<group>"; };
		4E0760EB12FDCC02BF111EFC /* libPods.a */ = {isa = PBXFileReference; explicitFileType = archive.ar; includeInIndex = 0; path = libPods.a; sourceTree = BUILT_PRODUCTS_DIR; };
		A379C59F2A1FB0EFB902213C /* Pods.release.xcconfig */ = {isa = PBXFileReference; includeInIndex = 1; lastKnownFileType = text.xcconfig; name = Pods.release.xcconfig; path = "Pods/Target Support Files/Pods/Pods.release.xcconfig"; sourceTree = "<group>"; };
		D126D5571C91424C000CD6D8 /* HYLMyCollectionViewController.h */ = {isa = PBXFileReference; fileEncoding = 4; lastKnownFileType = sourcecode.c.h; path = HYLMyCollectionViewController.h; sourceTree = "<group>"; };
		D126D5581C91424C000CD6D8 /* HYLMyCollectionViewController.m */ = {isa = PBXFileReference; fileEncoding = 4; lastKnownFileType = sourcecode.c.objc; path = HYLMyCollectionViewController.m; sourceTree = "<group>"; };
		D126D55A1C914613000CD6D8 /* HYLEditProfileViewController.h */ = {isa = PBXFileReference; fileEncoding = 4; lastKnownFileType = sourcecode.c.h; path = HYLEditProfileViewController.h; sourceTree = "<group>"; };
		D126D55B1C914613000CD6D8 /* HYLEditProfileViewController.m */ = {isa = PBXFileReference; fileEncoding = 4; lastKnownFileType = sourcecode.c.objc; path = HYLEditProfileViewController.m; sourceTree = "<group>"; };
		D126D55D1C915A02000CD6D8 /* HYLSettingViewController.h */ = {isa = PBXFileReference; fileEncoding = 4; lastKnownFileType = sourcecode.c.h; path = HYLSettingViewController.h; sourceTree = "<group>"; };
		D126D55E1C915A02000CD6D8 /* HYLSettingViewController.m */ = {isa = PBXFileReference; fileEncoding = 4; lastKnownFileType = sourcecode.c.objc; path = HYLSettingViewController.m; sourceTree = "<group>"; };
		D126D5601C9160F1000CD6D8 /* HYLSignInViewController.h */ = {isa = PBXFileReference; fileEncoding = 4; lastKnownFileType = sourcecode.c.h; path = HYLSignInViewController.h; sourceTree = "<group>"; };
		D126D5611C9160F1000CD6D8 /* HYLSignInViewController.m */ = {isa = PBXFileReference; fileEncoding = 4; lastKnownFileType = sourcecode.c.objc; path = HYLSignInViewController.m; sourceTree = "<group>"; };
		D13EDE1B1CA90CC200BE4887 /* HYLJSONModel.h */ = {isa = PBXFileReference; fileEncoding = 4; lastKnownFileType = sourcecode.c.h; path = HYLJSONModel.h; sourceTree = "<group>"; };
		D13EDE1C1CA90CC200BE4887 /* HYLJSONModel.m */ = {isa = PBXFileReference; fileEncoding = 4; lastKnownFileType = sourcecode.c.objc; path = HYLJSONModel.m; sourceTree = "<group>"; };
		D13F95CB1CA2679300F8B069 /* HYLTouTiaoViewController.h */ = {isa = PBXFileReference; fileEncoding = 4; lastKnownFileType = sourcecode.c.h; path = HYLTouTiaoViewController.h; sourceTree = "<group>"; };
		D13F95CC1CA2679300F8B069 /* HYLTouTiaoViewController.m */ = {isa = PBXFileReference; fileEncoding = 4; lastKnownFileType = sourcecode.c.objc; path = HYLTouTiaoViewController.m; sourceTree = "<group>"; };
		D13F95CE1CA267A500F8B069 /* HYLTuiJieViewController.h */ = {isa = PBXFileReference; fileEncoding = 4; lastKnownFileType = sourcecode.c.h; path = HYLTuiJieViewController.h; sourceTree = "<group>"; };
		D13F95CF1CA267A500F8B069 /* HYLTuiJieViewController.m */ = {isa = PBXFileReference; fileEncoding = 4; lastKnownFileType = sourcecode.c.objc; path = HYLTuiJieViewController.m; sourceTree = "<group>"; };
		D13F95D11CA267B500F8B069 /* HYLYuanChuangViewController.h */ = {isa = PBXFileReference; fileEncoding = 4; lastKnownFileType = sourcecode.c.h; path = HYLYuanChuangViewController.h; sourceTree = "<group>"; };
		D13F95D21CA267B500F8B069 /* HYLYuanChuangViewController.m */ = {isa = PBXFileReference; fileEncoding = 4; lastKnownFileType = sourcecode.c.objc; path = HYLYuanChuangViewController.m; sourceTree = "<group>"; };
		D149E7851C8EDB37006D17A5 /* HYLMenuViewController.h */ = {isa = PBXFileReference; fileEncoding = 4; lastKnownFileType = sourcecode.c.h; path = HYLMenuViewController.h; sourceTree = "<group>"; };
		D149E7861C8EDB37006D17A5 /* HYLMenuViewController.m */ = {isa = PBXFileReference; fileEncoding = 4; lastKnownFileType = sourcecode.c.objc; path = HYLMenuViewController.m; sourceTree = "<group>"; };
		D177B9761CAA55B4003EEB32 /* HYLZhiBoCell.h */ = {isa = PBXFileReference; fileEncoding = 4; lastKnownFileType = sourcecode.c.h; path = HYLZhiBoCell.h; sourceTree = "<group>"; };
		D177B9771CAA55B4003EEB32 /* HYLZhiBoCell.m */ = {isa = PBXFileReference; fileEncoding = 4; lastKnownFileType = sourcecode.c.objc; path = HYLZhiBoCell.m; sourceTree = "<group>"; };
		D177B9791CAA61C9003EEB32 /* HYLZhiBoListModel.h */ = {isa = PBXFileReference; fileEncoding = 4; lastKnownFileType = sourcecode.c.h; path = HYLZhiBoListModel.h; sourceTree = "<group>"; };
		D177B97A1CAA61C9003EEB32 /* HYLZhiBoListModel.m */ = {isa = PBXFileReference; fileEncoding = 4; lastKnownFileType = sourcecode.c.objc; path = HYLZhiBoListModel.m; sourceTree = "<group>"; };
		D17C214F1CABBF6B000517D8 /* HYLTouTiaoDetailViewController.h */ = {isa = PBXFileReference; fileEncoding = 4; lastKnownFileType = sourcecode.c.h; path = HYLTouTiaoDetailViewController.h; sourceTree = "<group>"; };
		D17C21501CABBF6B000517D8 /* HYLTouTiaoDetailViewController.m */ = {isa = PBXFileReference; fileEncoding = 4; lastKnownFileType = sourcecode.c.objc; path = HYLTouTiaoDetailViewController.m; sourceTree = "<group>"; };
		D17C21511CABBF6B000517D8 /* HYLTouTiaoDetailViewController.xib */ = {isa = PBXFileReference; fileEncoding = 4; lastKnownFileType = file.xib; path = HYLTouTiaoDetailViewController.xib; sourceTree = "<group>"; };
		D19C984B1C90020F00BDAEC8 /* HYLHaoYinYueBaseListViewController.h */ = {isa = PBXFileReference; fileEncoding = 4; lastKnownFileType = sourcecode.c.h; path = HYLHaoYinYueBaseListViewController.h; sourceTree = "<group>"; };
		D19C984C1C90020F00BDAEC8 /* HYLHaoYinYueBaseListViewController.m */ = {isa = PBXFileReference; fileEncoding = 4; lastKnownFileType = sourcecode.c.objc; path = HYLHaoYinYueBaseListViewController.m; sourceTree = "<group>"; };
		D1BDA0BF1C9816ED00D4F9A9 /* HYLGetTimestamp.h */ = {isa = PBXFileReference; fileEncoding = 4; lastKnownFileType = sourcecode.c.h; path = HYLGetTimestamp.h; sourceTree = "<group>"; };
		D1BDA0C01C9816ED00D4F9A9 /* HYLGetTimestamp.m */ = {isa = PBXFileReference; fileEncoding = 4; lastKnownFileType = sourcecode.c.objc; path = HYLGetTimestamp.m; sourceTree = "<group>"; };
		D1BDA0C71C98192300D4F9A9 /* HYLGetSignature.h */ = {isa = PBXFileReference; fileEncoding = 4; lastKnownFileType = sourcecode.c.h; path = HYLGetSignature.h; sourceTree = "<group>"; };
		D1BDA0C81C98192300D4F9A9 /* HYLGetSignature.m */ = {isa = PBXFileReference; fileEncoding = 4; lastKnownFileType = sourcecode.c.objc; path = HYLGetSignature.m; sourceTree = "<group>"; };
		D1BE0C4C1C8EAE3400C79A5D /* HYLTabBarViewController.h */ = {isa = PBXFileReference; fileEncoding = 4; lastKnownFileType = sourcecode.c.h; path = HYLTabBarViewController.h; sourceTree = "<group>"; };
		D1BE0C4D1C8EAE3400C79A5D /* HYLTabBarViewController.m */ = {isa = PBXFileReference; fileEncoding = 4; lastKnownFileType = sourcecode.c.objc; path = HYLTabBarViewController.m; sourceTree = "<group>"; };
		D1BE0C4F1C8EB02100C79A5D /* HYLHaoYuLeListContainerViewController.h */ = {isa = PBXFileReference; fileEncoding = 4; lastKnownFileType = sourcecode.c.h; path = HYLHaoYuLeListContainerViewController.h; sourceTree = "<group>"; };
		D1BE0C501C8EB02100C79A5D /* HYLHaoYuLeListContainerViewController.m */ = {isa = PBXFileReference; fileEncoding = 4; lastKnownFileType = sourcecode.c.objc; path = HYLHaoYuLeListContainerViewController.m; sourceTree = "<group>"; };
		D1BE0C521C8EB04500C79A5D /* HYLHaoJingCaiListViewController.h */ = {isa = PBXFileReference; fileEncoding = 4; lastKnownFileType = sourcecode.c.h; path = HYLHaoJingCaiListViewController.h; sourceTree = "<group>"; };
		D1BE0C531C8EB04500C79A5D /* HYLHaoJingCaiListViewController.m */ = {isa = PBXFileReference; fileEncoding = 4; lastKnownFileType = sourcecode.c.objc; path = HYLHaoJingCaiListViewController.m; sourceTree = "<group>"; };
		D1BE0C551C8EB06700C79A5D /* HYLHaoYinYueListContainerViewController.h */ = {isa = PBXFileReference; fileEncoding = 4; lastKnownFileType = sourcecode.c.h; path = HYLHaoYinYueListContainerViewController.h; sourceTree = "<group>"; };
		D1BE0C561C8EB06700C79A5D /* HYLHaoYinYueListContainerViewController.m */ = {isa = PBXFileReference; fileEncoding = 4; lastKnownFileType = sourcecode.c.objc; path = HYLHaoYinYueListContainerViewController.m; sourceTree = "<group>"; };
		D1BE0C581C8EB07F00C79A5D /* HYLZhiBoListViewController.h */ = {isa = PBXFileReference; fileEncoding = 4; lastKnownFileType = sourcecode.c.h; path = HYLZhiBoListViewController.h; sourceTree = "<group>"; };
		D1BE0C591C8EB07F00C79A5D /* HYLZhiBoListViewController.m */ = {isa = PBXFileReference; fileEncoding = 4; lastKnownFileType = sourcecode.c.objc; path = HYLZhiBoListViewController.m; sourceTree = "<group>"; };
		D1BE0C5B1C8EBCB300C79A5D /* HYLTitlePagerView.h */ = {isa = PBXFileReference; fileEncoding = 4; lastKnownFileType = sourcecode.c.h; path = HYLTitlePagerView.h; sourceTree = "<group>"; };
		D1BE0C5C1C8EBCB300C79A5D /* HYLTitlePagerView.m */ = {isa = PBXFileReference; fileEncoding = 4; lastKnownFileType = sourcecode.c.objc; path = HYLTitlePagerView.m; sourceTree = "<group>"; };
		D1BE0C5E1C8EBE3100C79A5D /* UIView+Additions.h */ = {isa = PBXFileReference; fileEncoding = 4; lastKnownFileType = sourcecode.c.h; path = "UIView+Additions.h"; sourceTree = "<group>"; };
		D1BE0C5F1C8EBE3100C79A5D /* UIView+Additions.m */ = {isa = PBXFileReference; fileEncoding = 4; lastKnownFileType = sourcecode.c.objc; path = "UIView+Additions.m"; sourceTree = "<group>"; };
		D1BE0C611C8EBE8A00C79A5D /* ViewPagerController.h */ = {isa = PBXFileReference; fileEncoding = 4; lastKnownFileType = sourcecode.c.h; path = ViewPagerController.h; sourceTree = "<group>"; };
		D1BE0C621C8EBE8A00C79A5D /* ViewPagerController.m */ = {isa = PBXFileReference; fileEncoding = 4; lastKnownFileType = sourcecode.c.objc; path = ViewPagerController.m; sourceTree = "<group>"; };
		D1BE0C641C8EBF5200C79A5D /* HYLHaoYuLeListBaseViewController.h */ = {isa = PBXFileReference; fileEncoding = 4; lastKnownFileType = sourcecode.c.h; path = HYLHaoYuLeListBaseViewController.h; sourceTree = "<group>"; };
		D1BE0C651C8EBF5200C79A5D /* HYLHaoYuLeListBaseViewController.m */ = {isa = PBXFileReference; fileEncoding = 4; lastKnownFileType = sourcecode.c.objc; path = HYLHaoYuLeListBaseViewController.m; sourceTree = "<group>"; };
		D1BEA4C71CB505CC000150E2 /* MediaPlayer.framework */ = {isa = PBXFileReference; lastKnownFileType = wrapper.framework; name = MediaPlayer.framework; path = System/Library/Frameworks/MediaPlayer.framework; sourceTree = SDKROOT; };
		D1C262261C99682D000ABA63 /* HaoYuLeNetworkInterface.h */ = {isa = PBXFileReference; lastKnownFileType = sourcecode.c.h; path = HaoYuLeNetworkInterface.h; sourceTree = "<group>"; };
		D1C613451C96946600C32974 /* HYLForgetPasswordViewController.h */ = {isa = PBXFileReference; fileEncoding = 4; lastKnownFileType = sourcecode.c.h; path = HYLForgetPasswordViewController.h; sourceTree = "<group>"; };
		D1C613461C96946600C32974 /* HYLForgetPasswordViewController.m */ = {isa = PBXFileReference; fileEncoding = 4; lastKnownFileType = sourcecode.c.objc; path = HYLForgetPasswordViewController.m; sourceTree = "<group>"; };
		D1C613481C96A80E00C32974 /* HYLRegisterViewController.h */ = {isa = PBXFileReference; fileEncoding = 4; lastKnownFileType = sourcecode.c.h; path = HYLRegisterViewController.h; sourceTree = "<group>"; };
		D1C613491C96A80E00C32974 /* HYLRegisterViewController.m */ = {isa = PBXFileReference; fileEncoding = 4; lastKnownFileType = sourcecode.c.objc; path = HYLRegisterViewController.m; sourceTree = "<group>"; };
		D1DC6F361CAA1F730093D735 /* HYLShowViewController.h */ = {isa = PBXFileReference; fileEncoding = 4; lastKnownFileType = sourcecode.c.h; path = HYLShowViewController.h; sourceTree = "<group>"; };
		D1DC6F371CAA1F730093D735 /* HYLShowViewController.m */ = {isa = PBXFileReference; fileEncoding = 4; lastKnownFileType = sourcecode.c.objc; path = HYLShowViewController.m; sourceTree = "<group>"; };
		D1DC6F391CAA1F820093D735 /* HYLMVViewController.h */ = {isa = PBXFileReference; fileEncoding = 4; lastKnownFileType = sourcecode.c.h; path = HYLMVViewController.h; sourceTree = "<group>"; };
		D1DC6F3A1CAA1F820093D735 /* HYLMVViewController.m */ = {isa = PBXFileReference; fileEncoding = 4; lastKnownFileType = sourcecode.c.objc; path = HYLMVViewController.m; sourceTree = "<group>"; };
		D1DC6F3C1CAA1F910093D735 /* HYLBangDanViewController.h */ = {isa = PBXFileReference; fileEncoding = 4; lastKnownFileType = sourcecode.c.h; path = HYLBangDanViewController.h; sourceTree = "<group>"; };
		D1DC6F3D1CAA1F910093D735 /* HYLBangDanViewController.m */ = {isa = PBXFileReference; fileEncoding = 4; lastKnownFileType = sourcecode.c.objc; path = HYLBangDanViewController.m; sourceTree = "<group>"; };
		D1DC6F3F1CAA23850093D735 /* HYLBangDanModel.h */ = {isa = PBXFileReference; fileEncoding = 4; lastKnownFileType = sourcecode.c.h; path = HYLBangDanModel.h; sourceTree = "<group>"; };
		D1DC6F401CAA23850093D735 /* HYLBangDanModel.m */ = {isa = PBXFileReference; fileEncoding = 4; lastKnownFileType = sourcecode.c.objc; path = HYLBangDanModel.m; sourceTree = "<group>"; };
		D1F44C861C8D7EAD00B6AA0C /* GoodEntertainment.app */ = {isa = PBXFileReference; explicitFileType = wrapper.application; includeInIndex = 0; path = GoodEntertainment.app; sourceTree = BUILT_PRODUCTS_DIR; };
		D1F44C8A1C8D7EAD00B6AA0C /* main.m */ = {isa = PBXFileReference; lastKnownFileType = sourcecode.c.objc; path = main.m; sourceTree = "<group>"; };
		D1F44C8C1C8D7EAD00B6AA0C /* AppDelegate.h */ = {isa = PBXFileReference; lastKnownFileType = sourcecode.c.h; path = AppDelegate.h; sourceTree = "<group>"; };
		D1F44C8D1C8D7EAD00B6AA0C /* AppDelegate.m */ = {isa = PBXFileReference; lastKnownFileType = sourcecode.c.objc; path = AppDelegate.m; sourceTree = "<group>"; };
		D1F44C8F1C8D7EAD00B6AA0C /* ViewController.h */ = {isa = PBXFileReference; lastKnownFileType = sourcecode.c.h; path = ViewController.h; sourceTree = "<group>"; };
		D1F44C901C8D7EAD00B6AA0C /* ViewController.m */ = {isa = PBXFileReference; lastKnownFileType = sourcecode.c.objc; path = ViewController.m; sourceTree = "<group>"; };
		D1F44C931C8D7EAD00B6AA0C /* Base */ = {isa = PBXFileReference; lastKnownFileType = file.storyboard; name = Base; path = Base.lproj/Main.storyboard; sourceTree = "<group>"; };
		D1F44C951C8D7EAE00B6AA0C /* Assets.xcassets */ = {isa = PBXFileReference; lastKnownFileType = folder.assetcatalog; path = Assets.xcassets; sourceTree = "<group>"; };
		D1F44C981C8D7EAE00B6AA0C /* Base */ = {isa = PBXFileReference; lastKnownFileType = file.storyboard; name = Base; path = Base.lproj/LaunchScreen.storyboard; sourceTree = "<group>"; };
		D1F44C9A1C8D7EAE00B6AA0C /* Info.plist */ = {isa = PBXFileReference; lastKnownFileType = text.plist.xml; path = Info.plist; sourceTree = "<group>"; };
		D1F44CA01C8D80D100B6AA0C /* Images.xcassets */ = {isa = PBXFileReference; lastKnownFileType = folder.assetcatalog; path = Images.xcassets; sourceTree = "<group>"; };
/* End PBXFileReference section */

/* Begin PBXFrameworksBuildPhase section */
		D1F44C831C8D7EAD00B6AA0C /* Frameworks */ = {
			isa = PBXFrameworksBuildPhase;
			buildActionMask = 2147483647;
			files = (
				D1BEA4C81CB505CC000150E2 /* MediaPlayer.framework in Frameworks */,
				59C7225E079D898BE2BDBD7C /* libPods.a in Frameworks */,
			);
			runOnlyForDeploymentPostprocessing = 0;
		};
/* End PBXFrameworksBuildPhase section */

/* Begin PBXGroup section */
		3A18DEF05C18C437D041632B /* Pods */ = {
			isa = PBXGroup;
			children = (
				0787ECBD8093D4FCDA756C15 /* Pods.debug.xcconfig */,
				A379C59F2A1FB0EFB902213C /* Pods.release.xcconfig */,
			);
			name = Pods;
			sourceTree = "<group>";
		};
		D102A4A41CB39F4900E14C2C /* MenuViewController */ = {
			isa = PBXGroup;
			children = (
				D149E7851C8EDB37006D17A5 /* HYLMenuViewController.h */,
				D149E7861C8EDB37006D17A5 /* HYLMenuViewController.m */,
			);
			name = MenuViewController;
			sourceTree = "<group>";
		};
		D102A4A51CB3A26600E14C2C /* DetailedViewController */ = {
			isa = PBXGroup;
			children = (
				D17C214F1CABBF6B000517D8 /* HYLTouTiaoDetailViewController.h */,
				D17C21501CABBF6B000517D8 /* HYLTouTiaoDetailViewController.m */,
				D17C21511CABBF6B000517D8 /* HYLTouTiaoDetailViewController.xib */,
			);
			name = DetailedViewController;
			sourceTree = "<group>";
		};
		D13F95D41CA26B9900F8B069 /* HaoYuLeViewControllers */ = {
			isa = PBXGroup;
			children = (
				D13F95CB1CA2679300F8B069 /* HYLTouTiaoViewController.h */,
				D13F95CC1CA2679300F8B069 /* HYLTouTiaoViewController.m */,
				D13F95CE1CA267A500F8B069 /* HYLTuiJieViewController.h */,
				D13F95CF1CA267A500F8B069 /* HYLTuiJieViewController.m */,
				D13F95D11CA267B500F8B069 /* HYLYuanChuangViewController.h */,
				D13F95D21CA267B500F8B069 /* HYLYuanChuangViewController.m */,
			);
			name = HaoYuLeViewControllers;
			sourceTree = "<group>";
		};
		D166C17B1C99502400E20F0A /* SignatureAndTimestamp */ = {
			isa = PBXGroup;
			children = (
				D1BDA0CA1C981A1C00D4F9A9 /* GetSignature */,
				D1BDA0C21C9816F400D4F9A9 /* GetTimestamp */,
			);
			name = SignatureAndTimestamp;
			sourceTree = "<group>";
		};
		D166C17C1C99505B00E20F0A /* TitleView */ = {
			isa = PBXGroup;
			children = (
				D19C98451C8FFBEA00BDAEC8 /* ThirdParty */,
				D19C98471C8FFC4100BDAEC8 /* Common */,
			);
			name = TitleView;
			sourceTree = "<group>";
		};
		D166C17D1C9950DE00E20F0A /* LeftViewContainer */ = {
			isa = PBXGroup;
			children = (
				D126D5571C91424C000CD6D8 /* HYLMyCollectionViewController.h */,
				D126D5581C91424C000CD6D8 /* HYLMyCollectionViewController.m */,
				D126D55A1C914613000CD6D8 /* HYLEditProfileViewController.h */,
				D126D55B1C914613000CD6D8 /* HYLEditProfileViewController.m */,
				D126D55D1C915A02000CD6D8 /* HYLSettingViewController.h */,
				D126D55E1C915A02000CD6D8 /* HYLSettingViewController.m */,
				D126D5601C9160F1000CD6D8 /* HYLSignInViewController.h */,
				D126D5611C9160F1000CD6D8 /* HYLSignInViewController.m */,
				D1C613451C96946600C32974 /* HYLForgetPasswordViewController.h */,
				D1C613461C96946600C32974 /* HYLForgetPasswordViewController.m */,
				D1C613481C96A80E00C32974 /* HYLRegisterViewController.h */,
				D1C613491C96A80E00C32974 /* HYLRegisterViewController.m */,
			);
			name = LeftViewContainer;
			sourceTree = "<group>";
		};
		D1840E0A1CAE521700A9B781 /* ZhiBoView */ = {
			isa = PBXGroup;
			children = (
				D177B9761CAA55B4003EEB32 /* HYLZhiBoCell.h */,
				D177B9771CAA55B4003EEB32 /* HYLZhiBoCell.m */,
			);
			name = ZhiBoView;
			sourceTree = "<group>";
		};
		D1840E0B1CAE522500A9B781 /* ZhiBoModel */ = {
			isa = PBXGroup;
			children = (
				D177B9791CAA61C9003EEB32 /* HYLZhiBoListModel.h */,
				D177B97A1CAA61C9003EEB32 /* HYLZhiBoListModel.m */,
			);
			name = ZhiBoModel;
			sourceTree = "<group>";
		};
		D19C98451C8FFBEA00BDAEC8 /* ThirdParty */ = {
			isa = PBXGroup;
			children = (
				D1BE0C611C8EBE8A00C79A5D /* ViewPagerController.h */,
				D1BE0C621C8EBE8A00C79A5D /* ViewPagerController.m */,
				D1BE0C5E1C8EBE3100C79A5D /* UIView+Additions.h */,
				D1BE0C5F1C8EBE3100C79A5D /* UIView+Additions.m */,
			);
			name = ThirdParty;
			sourceTree = "<group>";
		};
		D19C98461C8FFC0D00BDAEC8 /* HaoYuLe */ = {
			isa = PBXGroup;
			children = (
				D13F95D41CA26B9900F8B069 /* HaoYuLeViewControllers */,
				D102A4A51CB3A26600E14C2C /* DetailedViewController */,
				D1BE0C4F1C8EB02100C79A5D /* HYLHaoYuLeListContainerViewController.h */,
				D1BE0C501C8EB02100C79A5D /* HYLHaoYuLeListContainerViewController.m */,
				D1BE0C641C8EBF5200C79A5D /* HYLHaoYuLeListBaseViewController.h */,
				D1BE0C651C8EBF5200C79A5D /* HYLHaoYuLeListBaseViewController.m */,
			);
			name = HaoYuLe;
			sourceTree = "<group>";
		};
		D19C98471C8FFC4100BDAEC8 /* Common */ = {
			isa = PBXGroup;
			children = (
				D1BE0C5B1C8EBCB300C79A5D /* HYLTitlePagerView.h */,
				D1BE0C5C1C8EBCB300C79A5D /* HYLTitlePagerView.m */,
			);
			name = Common;
			sourceTree = "<group>";
		};
		D19C98481C8FFC5A00BDAEC8 /* HaoJingCai */ = {
			isa = PBXGroup;
			children = (
				D1BE0C521C8EB04500C79A5D /* HYLHaoJingCaiListViewController.h */,
				D1BE0C531C8EB04500C79A5D /* HYLHaoJingCaiListViewController.m */,
			);
			name = HaoJingCai;
			sourceTree = "<group>";
		};
		D19C98491C8FFC7300BDAEC8 /* HaoYinYue */ = {
			isa = PBXGroup;
			children = (
				D1BE0C551C8EB06700C79A5D /* HYLHaoYinYueListContainerViewController.h */,
				D1BE0C561C8EB06700C79A5D /* HYLHaoYinYueListContainerViewController.m */,
				D19C984B1C90020F00BDAEC8 /* HYLHaoYinYueBaseListViewController.h */,
				D19C984C1C90020F00BDAEC8 /* HYLHaoYinYueBaseListViewController.m */,
				D1DC6F441CAA24170093D735 /* HaoYinYueViewControllers */,
				D1DC6F421CAA238C0093D735 /* HaoYinYueModel */,
			);
			name = HaoYinYue;
			sourceTree = "<group>";
		};
		D19C984A1C8FFC8500BDAEC8 /* ZhiBo */ = {
			isa = PBXGroup;
			children = (
				D1BE0C581C8EB07F00C79A5D /* HYLZhiBoListViewController.h */,
				D1BE0C591C8EB07F00C79A5D /* HYLZhiBoListViewController.m */,
				D1840E0A1CAE521700A9B781 /* ZhiBoView */,
				D1840E0B1CAE522500A9B781 /* ZhiBoModel */,
			);
			name = ZhiBo;
			sourceTree = "<group>";
		};
		D1BDA0C21C9816F400D4F9A9 /* GetTimestamp */ = {
			isa = PBXGroup;
			children = (
				D1BDA0BF1C9816ED00D4F9A9 /* HYLGetTimestamp.h */,
				D1BDA0C01C9816ED00D4F9A9 /* HYLGetTimestamp.m */,
			);
			name = GetTimestamp;
			sourceTree = "<group>";
		};
		D1BDA0CA1C981A1C00D4F9A9 /* GetSignature */ = {
			isa = PBXGroup;
			children = (
				D1BDA0C71C98192300D4F9A9 /* HYLGetSignature.h */,
				D1BDA0C81C98192300D4F9A9 /* HYLGetSignature.m */,
			);
			name = GetSignature;
			sourceTree = "<group>";
		};
		D1C262271C9968A9000ABA63 /* NetworkInterface */ = {
			isa = PBXGroup;
			children = (
				D1C262261C99682D000ABA63 /* HaoYuLeNetworkInterface.h */,
			);
			name = NetworkInterface;
			sourceTree = "<group>";
		};
		D1DC6F421CAA238C0093D735 /* HaoYinYueModel */ = {
			isa = PBXGroup;
			children = (
				D1DC6F3F1CAA23850093D735 /* HYLBangDanModel.h */,
				D1DC6F401CAA23850093D735 /* HYLBangDanModel.m */,
			);
			name = HaoYinYueModel;
			sourceTree = "<group>";
		};
		D1DC6F431CAA23B40093D735 /* BaseModel */ = {
			isa = PBXGroup;
			children = (
				D13EDE1B1CA90CC200BE4887 /* HYLJSONModel.h */,
				D13EDE1C1CA90CC200BE4887 /* HYLJSONModel.m */,
			);
			name = BaseModel;
			sourceTree = "<group>";
		};
		D1DC6F441CAA24170093D735 /* HaoYinYueViewControllers */ = {
			isa = PBXGroup;
			children = (
				D1DC6F361CAA1F730093D735 /* HYLShowViewController.h */,
				D1DC6F371CAA1F730093D735 /* HYLShowViewController.m */,
				D1DC6F391CAA1F820093D735 /* HYLMVViewController.h */,
				D1DC6F3A1CAA1F820093D735 /* HYLMVViewController.m */,
				D1DC6F3C1CAA1F910093D735 /* HYLBangDanViewController.h */,
				D1DC6F3D1CAA1F910093D735 /* HYLBangDanViewController.m */,
			);
			name = HaoYinYueViewControllers;
			sourceTree = "<group>";
		};
		D1F44C7D1C8D7EAD00B6AA0C = {
			isa = PBXGroup;
			children = (
				D1F44C881C8D7EAD00B6AA0C /* GoodEntertainment */,
				D1F44C871C8D7EAD00B6AA0C /* Products */,
				3A18DEF05C18C437D041632B /* Pods */,
				F6A4E437A0F7E5E20A250DE2 /* Frameworks */,
			);
			sourceTree = "<group>";
		};
		D1F44C871C8D7EAD00B6AA0C /* Products */ = {
			isa = PBXGroup;
			children = (
				D1F44C861C8D7EAD00B6AA0C /* GoodEntertainment.app */,
			);
			name = Products;
			sourceTree = "<group>";
		};
		D1F44C881C8D7EAD00B6AA0C /* GoodEntertainment */ = {
			isa = PBXGroup;
			children = (
				D102A4A41CB39F4900E14C2C /* MenuViewController */,
				D166C17D1C9950DE00E20F0A /* LeftViewContainer */,
				D1DC6F431CAA23B40093D735 /* BaseModel */,
				D1C262271C9968A9000ABA63 /* NetworkInterface */,
				D166C17B1C99502400E20F0A /* SignatureAndTimestamp */,
				D166C17C1C99505B00E20F0A /* TitleView */,
				D19C98461C8FFC0D00BDAEC8 /* HaoYuLe */,
				D19C98481C8FFC5A00BDAEC8 /* HaoJingCai */,
				D19C98491C8FFC7300BDAEC8 /* HaoYinYue */,
				D19C984A1C8FFC8500BDAEC8 /* ZhiBo */,
				D1BE0C4C1C8EAE3400C79A5D /* HYLTabBarViewController.h */,
				D1BE0C4D1C8EAE3400C79A5D /* HYLTabBarViewController.m */,
				D1F44C8C1C8D7EAD00B6AA0C /* AppDelegate.h */,
				D1F44C8D1C8D7EAD00B6AA0C /* AppDelegate.m */,
				D1F44C921C8D7EAD00B6AA0C /* Main.storyboard */,
				D1F44CA01C8D80D100B6AA0C /* Images.xcassets */,
				D1F44C8F1C8D7EAD00B6AA0C /* ViewController.h */,
				D1F44C901C8D7EAD00B6AA0C /* ViewController.m */,
				D1F44C891C8D7EAD00B6AA0C /* Supporting Files */,
			);
			path = GoodEntertainment;
			sourceTree = "<group>";
		};
		D1F44C891C8D7EAD00B6AA0C /* Supporting Files */ = {
			isa = PBXGroup;
			children = (
				D1F44C951C8D7EAE00B6AA0C /* Assets.xcassets */,
				D1F44C971C8D7EAE00B6AA0C /* LaunchScreen.storyboard */,
				D1F44C9A1C8D7EAE00B6AA0C /* Info.plist */,
				D1F44C8A1C8D7EAD00B6AA0C /* main.m */,
			);
			name = "Supporting Files";
			sourceTree = "<group>";
		};
		F6A4E437A0F7E5E20A250DE2 /* Frameworks */ = {
			isa = PBXGroup;
			children = (
				D1BEA4C71CB505CC000150E2 /* MediaPlayer.framework */,
				4E0760EB12FDCC02BF111EFC /* libPods.a */,
			);
			name = Frameworks;
			sourceTree = "<group>";
		};
/* End PBXGroup section */

/* Begin PBXNativeTarget section */
		D1F44C851C8D7EAD00B6AA0C /* GoodEntertainment */ = {
			isa = PBXNativeTarget;
			buildConfigurationList = D1F44C9D1C8D7EAE00B6AA0C /* Build configuration list for PBXNativeTarget "GoodEntertainment" */;
			buildPhases = (
				7F044B4B36D3BEA3394FD34A /* Check Pods Manifest.lock */,
				D1F44C821C8D7EAD00B6AA0C /* Sources */,
				D1F44C831C8D7EAD00B6AA0C /* Frameworks */,
				D1F44C841C8D7EAD00B6AA0C /* Resources */,
				A9B99265E78CE567B4F29FB3 /* Copy Pods Resources */,
			);
			buildRules = (
			);
			dependencies = (
			);
			name = GoodEntertainment;
			productName = GoodEntertainment;
			productReference = D1F44C861C8D7EAD00B6AA0C /* GoodEntertainment.app */;
			productType = "com.apple.product-type.application";
		};
/* End PBXNativeTarget section */

/* Begin PBXProject section */
		D1F44C7E1C8D7EAD00B6AA0C /* Project object */ = {
			isa = PBXProject;
			attributes = {
				CLASSPREFIX = HYL;
				LastUpgradeCheck = 0720;
				ORGANIZATIONNAME = "Xiaowu Yin";
				TargetAttributes = {
					D1F44C851C8D7EAD00B6AA0C = {
						CreatedOnToolsVersion = 7.2.1;
					};
				};
			};
			buildConfigurationList = D1F44C811C8D7EAD00B6AA0C /* Build configuration list for PBXProject "GoodEntertainment" */;
			compatibilityVersion = "Xcode 3.2";
			developmentRegion = English;
			hasScannedForEncodings = 0;
			knownRegions = (
				en,
				Base,
			);
			mainGroup = D1F44C7D1C8D7EAD00B6AA0C;
			productRefGroup = D1F44C871C8D7EAD00B6AA0C /* Products */;
			projectDirPath = "";
			projectRoot = "";
			targets = (
				D1F44C851C8D7EAD00B6AA0C /* GoodEntertainment */,
			);
		};
/* End PBXProject section */

/* Begin PBXResourcesBuildPhase section */
		D1F44C841C8D7EAD00B6AA0C /* Resources */ = {
			isa = PBXResourcesBuildPhase;
			buildActionMask = 2147483647;
			files = (
				D1F44C991C8D7EAE00B6AA0C /* LaunchScreen.storyboard in Resources */,
				D1F44CA11C8D80D100B6AA0C /* Images.xcassets in Resources */,
				D1F44C961C8D7EAE00B6AA0C /* Assets.xcassets in Resources */,
				D17C21531CABBF6B000517D8 /* HYLTouTiaoDetailViewController.xib in Resources */,
				D1F44C941C8D7EAE00B6AA0C /* Main.storyboard in Resources */,
			);
			runOnlyForDeploymentPostprocessing = 0;
		};
/* End PBXResourcesBuildPhase section */

/* Begin PBXShellScriptBuildPhase section */
		7F044B4B36D3BEA3394FD34A /* Check Pods Manifest.lock */ = {
			isa = PBXShellScriptBuildPhase;
			buildActionMask = 2147483647;
			files = (
			);
			inputPaths = (
			);
			name = "Check Pods Manifest.lock";
			outputPaths = (
			);
			runOnlyForDeploymentPostprocessing = 0;
			shellPath = /bin/sh;
			shellScript = "diff \"${PODS_ROOT}/../Podfile.lock\" \"${PODS_ROOT}/Manifest.lock\" > /dev/null\nif [[ $? != 0 ]] ; then\n    cat << EOM\nerror: The sandbox is not in sync with the Podfile.lock. Run 'pod install' or update your CocoaPods installation.\nEOM\n    exit 1\nfi\n";
			showEnvVarsInLog = 0;
		};
		A9B99265E78CE567B4F29FB3 /* Copy Pods Resources */ = {
			isa = PBXShellScriptBuildPhase;
			buildActionMask = 2147483647;
			files = (
			);
			inputPaths = (
			);
			name = "Copy Pods Resources";
			outputPaths = (
			);
			runOnlyForDeploymentPostprocessing = 0;
			shellPath = /bin/sh;
			shellScript = "\"${SRCROOT}/Pods/Target Support Files/Pods/Pods-resources.sh\"\n";
			showEnvVarsInLog = 0;
		};
/* End PBXShellScriptBuildPhase section */

/* Begin PBXSourcesBuildPhase section */
		D1F44C821C8D7EAD00B6AA0C /* Sources */ = {
			isa = PBXSourcesBuildPhase;
			buildActionMask = 2147483647;
			files = (
				D1DC6F3E1CAA1F910093D735 /* HYLBangDanViewController.m in Sources */,
				D1BE0C4E1C8EAE3400C79A5D /* HYLTabBarViewController.m in Sources */,
				D177B97B1CAA61C9003EEB32 /* HYLZhiBoListModel.m in Sources */,
				D1F44C911C8D7EAD00B6AA0C /* ViewController.m in Sources */,
				D13F95CD1CA2679300F8B069 /* HYLTouTiaoViewController.m in Sources */,
				D126D5591C91424C000CD6D8 /* HYLMyCollectionViewController.m in Sources */,
				D1C6134A1C96A80E00C32974 /* HYLRegisterViewController.m in Sources */,
				D1F44C8E1C8D7EAD00B6AA0C /* AppDelegate.m in Sources */,
				D1BE0C5A1C8EB07F00C79A5D /* HYLZhiBoListViewController.m in Sources */,
				D19C984D1C90020F00BDAEC8 /* HYLHaoYinYueBaseListViewController.m in Sources */,
				D1C613471C96946600C32974 /* HYLForgetPasswordViewController.m in Sources */,
				D1BE0C661C8EBF5200C79A5D /* HYLHaoYuLeListBaseViewController.m in Sources */,
				D1BDA0C91C98192300D4F9A9 /* HYLGetSignature.m in Sources */,
				D1BE0C511C8EB02100C79A5D /* HYLHaoYuLeListContainerViewController.m in Sources */,
				D17C21521CABBF6B000517D8 /* HYLTouTiaoDetailViewController.m in Sources */,
				D1BE0C541C8EB04500C79A5D /* HYLHaoJingCaiListViewController.m in Sources */,
				D13F95D01CA267A500F8B069 /* HYLTuiJieViewController.m in Sources */,
				D1BE0C571C8EB06700C79A5D /* HYLHaoYinYueListContainerViewController.m in Sources */,
				D1F44C8B1C8D7EAD00B6AA0C /* main.m in Sources */,
				D1DC6F3B1CAA1F820093D735 /* HYLMVViewController.m in Sources */,
				D1BE0C631C8EBE8A00C79A5D /* ViewPagerController.m in Sources */,
				D1DC6F411CAA23850093D735 /* HYLBangDanModel.m in Sources */,
				D126D5621C9160F1000CD6D8 /* HYLSignInViewController.m in Sources */,
				D13F95D31CA267B500F8B069 /* HYLYuanChuangViewController.m in Sources */,
				D126D55C1C914613000CD6D8 /* HYLEditProfileViewController.m in Sources */,
				D126D55F1C915A02000CD6D8 /* HYLSettingViewController.m in Sources */,
				D149E7871C8EDB37006D17A5 /* HYLMenuViewController.m in Sources */,
				D1BE0C601C8EBE3100C79A5D /* UIView+Additions.m in Sources */,
				D1BE0C5D1C8EBCB300C79A5D /* HYLTitlePagerView.m in Sources */,
				D1BDA0C11C9816ED00D4F9A9 /* HYLGetTimestamp.m in Sources */,
				D13EDE1D1CA90CC200BE4887 /* HYLJSONModel.m in Sources */,
				D1DC6F381CAA1F730093D735 /* HYLShowViewController.m in Sources */,
				D177B9781CAA55B4003EEB32 /* HYLZhiBoCell.m in Sources */,
			);
			runOnlyForDeploymentPostprocessing = 0;
		};
/* End PBXSourcesBuildPhase section */

/* Begin PBXVariantGroup section */
		D1F44C921C8D7EAD00B6AA0C /* Main.storyboard */ = {
			isa = PBXVariantGroup;
			children = (
				D1F44C931C8D7EAD00B6AA0C /* Base */,
			);
			name = Main.storyboard;
			sourceTree = "<group>";
		};
		D1F44C971C8D7EAE00B6AA0C /* LaunchScreen.storyboard */ = {
			isa = PBXVariantGroup;
			children = (
				D1F44C981C8D7EAE00B6AA0C /* Base */,
			);
			name = LaunchScreen.storyboard;
			sourceTree = "<group>";
		};
/* End PBXVariantGroup section */

/* Begin XCBuildConfiguration section */
		D1F44C9B1C8D7EAE00B6AA0C /* Debug */ = {
			isa = XCBuildConfiguration;
			buildSettings = {
				ALWAYS_SEARCH_USER_PATHS = NO;
				CLANG_CXX_LANGUAGE_STANDARD = "gnu++0x";
				CLANG_CXX_LIBRARY = "libc++";
				CLANG_ENABLE_MODULES = YES;
				CLANG_ENABLE_OBJC_ARC = YES;
				CLANG_WARN_BOOL_CONVERSION = YES;
				CLANG_WARN_CONSTANT_CONVERSION = YES;
				CLANG_WARN_DIRECT_OBJC_ISA_USAGE = YES_ERROR;
				CLANG_WARN_EMPTY_BODY = YES;
				CLANG_WARN_ENUM_CONVERSION = YES;
				CLANG_WARN_INT_CONVERSION = YES;
				CLANG_WARN_OBJC_ROOT_CLASS = YES_ERROR;
				CLANG_WARN_UNREACHABLE_CODE = YES;
				CLANG_WARN__DUPLICATE_METHOD_MATCH = YES;
				"CODE_SIGN_IDENTITY[sdk=iphoneos*]" = "iPhone Developer";
				COPY_PHASE_STRIP = NO;
				DEBUG_INFORMATION_FORMAT = dwarf;
				ENABLE_STRICT_OBJC_MSGSEND = YES;
				ENABLE_TESTABILITY = YES;
				GCC_C_LANGUAGE_STANDARD = gnu99;
				GCC_DYNAMIC_NO_PIC = NO;
				GCC_NO_COMMON_BLOCKS = YES;
				GCC_OPTIMIZATION_LEVEL = 0;
				GCC_PREPROCESSOR_DEFINITIONS = (
					"DEBUG=1",
					"$(inherited)",
				);
				GCC_WARN_64_TO_32_BIT_CONVERSION = YES;
				GCC_WARN_ABOUT_RETURN_TYPE = YES_ERROR;
				GCC_WARN_UNDECLARED_SELECTOR = YES;
				GCC_WARN_UNINITIALIZED_AUTOS = YES_AGGRESSIVE;
				GCC_WARN_UNUSED_FUNCTION = YES;
				GCC_WARN_UNUSED_VARIABLE = YES;
				IPHONEOS_DEPLOYMENT_TARGET = 9.2;
				MTL_ENABLE_DEBUG_INFO = YES;
				ONLY_ACTIVE_ARCH = YES;
				SDKROOT = iphoneos;
			};
			name = Debug;
		};
		D1F44C9C1C8D7EAE00B6AA0C /* Release */ = {
			isa = XCBuildConfiguration;
			buildSettings = {
				ALWAYS_SEARCH_USER_PATHS = NO;
				CLANG_CXX_LANGUAGE_STANDARD = "gnu++0x";
				CLANG_CXX_LIBRARY = "libc++";
				CLANG_ENABLE_MODULES = YES;
				CLANG_ENABLE_OBJC_ARC = YES;
				CLANG_WARN_BOOL_CONVERSION = YES;
				CLANG_WARN_CONSTANT_CONVERSION = YES;
				CLANG_WARN_DIRECT_OBJC_ISA_USAGE = YES_ERROR;
				CLANG_WARN_EMPTY_BODY = YES;
				CLANG_WARN_ENUM_CONVERSION = YES;
				CLANG_WARN_INT_CONVERSION = YES;
				CLANG_WARN_OBJC_ROOT_CLASS = YES_ERROR;
				CLANG_WARN_UNREACHABLE_CODE = YES;
				CLANG_WARN__DUPLICATE_METHOD_MATCH = YES;
				"CODE_SIGN_IDENTITY[sdk=iphoneos*]" = "iPhone Developer";
				COPY_PHASE_STRIP = NO;
				DEBUG_INFORMATION_FORMAT = "dwarf-with-dsym";
				ENABLE_NS_ASSERTIONS = NO;
				ENABLE_STRICT_OBJC_MSGSEND = YES;
				GCC_C_LANGUAGE_STANDARD = gnu99;
				GCC_NO_COMMON_BLOCKS = YES;
				GCC_WARN_64_TO_32_BIT_CONVERSION = YES;
				GCC_WARN_ABOUT_RETURN_TYPE = YES_ERROR;
				GCC_WARN_UNDECLARED_SELECTOR = YES;
				GCC_WARN_UNINITIALIZED_AUTOS = YES_AGGRESSIVE;
				GCC_WARN_UNUSED_FUNCTION = YES;
				GCC_WARN_UNUSED_VARIABLE = YES;
				IPHONEOS_DEPLOYMENT_TARGET = 9.2;
				MTL_ENABLE_DEBUG_INFO = NO;
				SDKROOT = iphoneos;
				VALIDATE_PRODUCT = YES;
			};
			name = Release;
		};
		D1F44C9E1C8D7EAE00B6AA0C /* Debug */ = {
			isa = XCBuildConfiguration;
			baseConfigurationReference = 0787ECBD8093D4FCDA756C15 /* Pods.debug.xcconfig */;
			buildSettings = {
				ASSETCATALOG_COMPILER_APPICON_NAME = AppIcon;
				ASSETCATALOG_COMPILER_LAUNCHIMAGE_NAME = LaunchImage;
				INFOPLIST_FILE = GoodEntertainment/Info.plist;
				LD_RUNPATH_SEARCH_PATHS = "$(inherited) @executable_path/Frameworks";
				PRODUCT_BUNDLE_IDENTIFIER = com.fansye.www.GoodEntertainment;
				PRODUCT_NAME = "$(TARGET_NAME)";
			};
			name = Debug;
		};
		D1F44C9F1C8D7EAE00B6AA0C /* Release */ = {
			isa = XCBuildConfiguration;
			baseConfigurationReference = A379C59F2A1FB0EFB902213C /* Pods.release.xcconfig */;
			buildSettings = {
				ASSETCATALOG_COMPILER_APPICON_NAME = AppIcon;
				ASSETCATALOG_COMPILER_LAUNCHIMAGE_NAME = LaunchImage;
				INFOPLIST_FILE = GoodEntertainment/Info.plist;
				LD_RUNPATH_SEARCH_PATHS = "$(inherited) @executable_path/Frameworks";
				PRODUCT_BUNDLE_IDENTIFIER = com.fansye.www.GoodEntertainment;
				PRODUCT_NAME = "$(TARGET_NAME)";
			};
			name = Release;
		};
/* End XCBuildConfiguration section */

/* Begin XCConfigurationList section */
		D1F44C811C8D7EAD00B6AA0C /* Build configuration list for PBXProject "GoodEntertainment" */ = {
			isa = XCConfigurationList;
			buildConfigurations = (
				D1F44C9B1C8D7EAE00B6AA0C /* Debug */,
				D1F44C9C1C8D7EAE00B6AA0C /* Release */,
			);
			defaultConfigurationIsVisible = 0;
			defaultConfigurationName = Release;
		};
		D1F44C9D1C8D7EAE00B6AA0C /* Build configuration list for PBXNativeTarget "GoodEntertainment" */ = {
			isa = XCConfigurationList;
			buildConfigurations = (
				D1F44C9E1C8D7EAE00B6AA0C /* Debug */,
				D1F44C9F1C8D7EAE00B6AA0C /* Release */,
			);
			defaultConfigurationIsVisible = 0;
			defaultConfigurationName = Release;
		};
/* End XCConfigurationList section */
	};
	rootObject = D1F44C7E1C8D7EAD00B6AA0C /* Project object */;
}
